
Microsoft Visual Studio Solution File, Format Version 12.00
# Visual Studio 2013
VisualStudioVersion = 12.0.40629.0
MinimumVisualStudioVersion = 10.0.40219.1
Project("{FAE04EC0-301F-11D3-BF4B-00C04F79EFBC}") = "MyServer", "MyServer\MyServer.csproj", "{8277D182-5F3E-488E-B533-7EA9CCF53148}"
EndProject
Project("{FAE04EC0-301F-11D3-BF4B-00C04F79EFBC}") = "GameServer", "GameServer\GameServer.csproj", "{831AC32C-A99A-4088-B574-F333918C5D62}"
EndProject
Project("{FAE04EC0-301F-11D3-BF4B-00C04F79EFBC}") = "Protocol", "Protocol\Protocol.csproj", "{63D7680F-098C-4267-9E39-29D6AE439F3E}"
EndProject
Global
	GlobalSection(SolutionConfigurationPlatforms) = preSolution
		Debug|Any CPU = Debug|Any CPU
		Release|Any CPU = Release|Any CPU
	EndGlobalSection
	GlobalSection(ProjectConfigurationPlatforms) = postSolution
		{8277D182-5F3E-488E-B533-7EA9CCF53148}.Debug|Any CPU.ActiveCfg = Debug|Any CPU
		{8277D182-5F3E-488E-B533-7EA9CCF53148}.Debug|Any CPU.Build.0 = Debug|Any CPU
		{8277D182-5F3E-488E-B533-7EA9CCF53148}.Release|Any CPU.ActiveCfg = Release|Any CPU
		{8277D182-5F3E-488E-B533-7EA9CCF53148}.Release|Any CPU.Build.0 = Release|Any CPU
		{831AC32C-A99A-4088-B574-F333918C5D62}.Debug|Any CPU.ActiveCfg = Debug|Any CPU
		{831AC32C-A99A-4088-B574-F333918C5D62}.Debug|Any CPU.Build.0 = Debug|Any CPU
		{831AC32C-A99A-4088-B574-F333918C5D62}.Release|Any CPU.ActiveCfg = Release|Any CPU
		{831AC32C-A99A-4088-B574-F333918C5D62}.Release|Any CPU.Build.0 = Release|Any CPU
		{63D7680F-098C-4267-9E39-29D6AE439F3E}.Debug|Any CPU.ActiveCfg = Debug|Any CPU
		{63D7680F-098C-4267-9E39-29D6AE439F3E}.Debug|Any CPU.Build.0 = Debug|Any CPU
		{63D7680F-098C-4267-9E39-29D6AE439F3E}.Release|Any CPU.ActiveCfg = Release|Any CPU
		{63D7680F-098C-4267-9E39-29D6AE439F3E}.Release|Any CPU.Build.0 = Release|Any CPU
	EndGlobalSection
	GlobalSection(SolutionProperties) = preSolution
		HideSolutionNode = FALSE
	EndGlobalSection
EndGlobal
